
Microsoft Visual Studio Solution File, Format Version 12.00
# Visual Studio Version 17
VisualStudioVersion = 17.4.33110.190
MinimumVisualStudioVersion = 10.0.40219.1
Project("{FAE04EC0-301F-11D3-BF4B-00C04F79EFBC}") = "Paradox Hr", "Paradox Hr\Paradox Hr.csproj", "{F565AAAA-A78B-4674-83AE-C16C198E0B9F}"
EndProject
Global
	GlobalSection(SolutionConfigurationPlatforms) = preSolution
		Debug|Any CPU = Debug|Any CPU
		Release|Any CPU = Release|Any CPU
	EndGlobalSection
	GlobalSection(ProjectConfigurationPlatforms) = postSolution
		{F565AAAA-A78B-4674-83AE-C16C198E0B9F}.Debug|Any CPU.ActiveCfg = Debug|Any CPU
		{F565AAAA-A78B-4674-83AE-C16C198E0B9F}.Debug|Any CPU.Build.0 = Debug|Any CPU
		{F565AAAA-A78B-4674-83AE-C16C198E0B9F}.Release|Any CPU.ActiveCfg = Release|Any CPU
		{F565AAAA-A78B-4674-83AE-C16C198E0B9F}.Release|Any CPU.Build.0 = Release|Any CPU
	EndGlobalSection
	GlobalSection(SolutionProperties) = preSolution
		HideSolutionNode = FALSE
	EndGlobalSection
	GlobalSection(ExtensibilityGlobals) = postSolution
		SolutionGuid = {4168BC01-4A21-4EDF-B3CF-2108A848E9B3}
	EndGlobalSection
EndGlobal
